{
  "name": "vscode-cfn-nag",
  "version": "0.3.1",
  "lockfileVersion": 1,
  "requires": true,
  "dependencies": {
    "@types/mocha": {
      "version": "5.2.0",
      "resolved": "https://registry.npmjs.org/@types/mocha/-/mocha-5.2.0.tgz",
      "integrity": "sha512-YeDiSEzznwZwwp766SJ6QlrTyBYUGPSIwmREHVTmktUYiT/WADdWtpt9iH0KuUSf8lZLdI4lP0X6PBzPo5//JQ==",
      "dev": true
    },
    "@types/node": {
      "version": "8.0.0",
      "resolved": "https://registry.npmjs.org/@types/node/-/node-8.0.0.tgz",
      "integrity": "sha512-j2tekvJCO7j22cs+LO6i0kRPhmQ9MXaPZ55TzOc1lzkN5b6BWqq4AFjl04s1oRRQ1v5rSe+KEvnLUSTonuls/A==",
      "dev": true
    },
    "typescript": {
      "version": "2.8.3",
      "resolved": "https://registry.npmjs.org/typescript/-/typescript-2.8.3.tgz",
      "integrity": "sha512-K7g15Bb6Ra4lKf7Iq2l/I5/En+hLIHmxWZGq3D4DIRNFxMNV6j2SHSvDOqs2tGd4UvD/fJvrwopzQXjLrT7Itw=="
    }
  }
}
